
Microsoft Visual Studio Solution File, Format Version 12.00
# Visual Studio 15
VisualStudioVersion = 15.0.27703.2026
MinimumVisualStudioVersion = 10.0.40219.1
Project("{8BC9CEB8-8B4A-11D0-8D11-00A0C91BC942}") = "TestApp", "TestApp\TestApp.vcxproj", "{314DB2D6-FBA5-40DC-9816-007A7E4B3DD6}"
EndProject
Project("{8BC9CEB8-8B4A-11D0-8D11-00A0C91BC942}") = "ProxyCommand", "ProxyCommand\ProxyCommand.vcxproj", "{C8A7C8E9-6151-4AF9-97CF-33C2E69ED958}"
EndProject
Global
	GlobalSection(SolutionConfigurationPlatforms) = preSolution
		Debug|x64 = Debug|x64
		Debug|x86 = Debug|x86
		Release|x64 = Release|x64
		Release|x86 = Release|x86
	EndGlobalSection
	GlobalSection(ProjectConfigurationPlatforms) = postSolution
		{314DB2D6-FBA5-40DC-9816-007A7E4B3DD6}.Debug|x64.ActiveCfg = Debug|x64
		{314DB2D6-FBA5-40DC-9816-007A7E4B3DD6}.Debug|x64.Build.0 = Debug|x64
		{314DB2D6-FBA5-40DC-9816-007A7E4B3DD6}.Debug|x86.ActiveCfg = Debug|Win32
		{314DB2D6-FBA5-40DC-9816-007A7E4B3DD6}.Debug|x86.Build.0 = Debug|Win32
		{314DB2D6-FBA5-40DC-9816-007A7E4B3DD6}.Release|x64.ActiveCfg = Release|x64
		{314DB2D6-FBA5-40DC-9816-007A7E4B3DD6}.Release|x64.Build.0 = Release|x64
		{314DB2D6-FBA5-40DC-9816-007A7E4B3DD6}.Release|x86.ActiveCfg = Release|Win32
		{314DB2D6-FBA5-40DC-9816-007A7E4B3DD6}.Release|x86.Build.0 = Release|Win32
		{C8A7C8E9-6151-4AF9-97CF-33C2E69ED958}.Debug|x64.ActiveCfg = Debug|x64
		{C8A7C8E9-6151-4AF9-97CF-33C2E69ED958}.Debug|x64.Build.0 = Debug|x64
		{C8A7C8E9-6151-4AF9-97CF-33C2E69ED958}.Debug|x86.ActiveCfg = Debug|Win32
		{C8A7C8E9-6151-4AF9-97CF-33C2E69ED958}.Debug|x86.Build.0 = Debug|Win32
		{C8A7C8E9-6151-4AF9-97CF-33C2E69ED958}.Release|x64.ActiveCfg = Release|x64
		{C8A7C8E9-6151-4AF9-97CF-33C2E69ED958}.Release|x64.Build.0 = Release|x64
		{C8A7C8E9-6151-4AF9-97CF-33C2E69ED958}.Release|x86.ActiveCfg = Release|Win32
		{C8A7C8E9-6151-4AF9-97CF-33C2E69ED958}.Release|x86.Build.0 = Release|Win32
	EndGlobalSection
	GlobalSection(SolutionProperties) = preSolution
		HideSolutionNode = FALSE
	EndGlobalSection
	GlobalSection(ExtensibilityGlobals) = postSolution
		SolutionGuid = {676E982E-E4BC-4805-B376-E4F5CC3274F3}
	EndGlobalSection
EndGlobal
